
Microsoft Visual Studio Solution File, Format Version 12.00
# Visual Studio Version 16
VisualStudioVersion = 16.0.30516.212
MinimumVisualStudioVersion = 10.0.40219.1
Project("{9A19103F-16F7-4668-BE54-9A1E7A4F7556}") = "ApexScheduler", "ApexScheduler.csproj", "{E94B3113-DB08-4F03-BD3E-3CEB4A9DCD38}"
EndProject
Project("{FAE04EC0-301F-11D3-BF4B-00C04F79EFBC}") = "ApexSchedulerTests", "ApexSchedulerTests\ApexSchedulerTests.csproj", "{041DAD42-7490-46E8-B9A3-544E908DDCE7}"
EndProject
Global
	GlobalSection(SolutionConfigurationPlatforms) = preSolution
		Debug|Any CPU = Debug|Any CPU
		Release|Any CPU = Release|Any CPU
	EndGlobalSection
	GlobalSection(ProjectConfigurationPlatforms) = postSolution
		{E94B3113-DB08-4F03-BD3E-3CEB4A9DCD38}.Debug|Any CPU.ActiveCfg = Debug|Any CPU
		{E94B3113-DB08-4F03-BD3E-3CEB4A9DCD38}.Debug|Any CPU.Build.0 = Debug|Any CPU
		{E94B3113-DB08-4F03-BD3E-3CEB4A9DCD38}.Release|Any CPU.ActiveCfg = Release|Any CPU
		{E94B3113-DB08-4F03-BD3E-3CEB4A9DCD38}.Release|Any CPU.Build.0 = Release|Any CPU
		{041DAD42-7490-46E8-B9A3-544E908DDCE7}.Debug|Any CPU.ActiveCfg = Debug|Any CPU
		{041DAD42-7490-46E8-B9A3-544E908DDCE7}.Debug|Any CPU.Build.0 = Debug|Any CPU
		{041DAD42-7490-46E8-B9A3-544E908DDCE7}.Release|Any CPU.ActiveCfg = Release|Any CPU
		{041DAD42-7490-46E8-B9A3-544E908DDCE7}.Release|Any CPU.Build.0 = Release|Any CPU
	EndGlobalSection
	GlobalSection(SolutionProperties) = preSolution
		HideSolutionNode = FALSE
	EndGlobalSection
	GlobalSection(ExtensibilityGlobals) = postSolution
		SolutionGuid = {116E47FE-EE0A-4AEC-B87B-A0765FD0CA12}
	EndGlobalSection
EndGlobal
